<?xml version="1.0" encoding="utf-8"?>
<Project ToolsVersion="4.0" xmlns="http://schemas.microsoft.com/developer/msbuild/2003">
  <ItemGroup>
    <Filter Include="Source files">
      <UniqueIdentifier>{0efc3be2-cb29-4d4e-b22f-d883949b4ca1}</UniqueIdentifier>
      <Extensions>cpp;c;cc;cxx;def;odl;idl;hpj;bat;asm;asmx</Extensions>
    </Filter>
    <Filter Include="Header files">
      <UniqueIdentifier>{c93ffef0-b57d-451c-81c6-18ab97269090}</UniqueIdentifier>
      <Extensions>h;hpp;hxx;hm;inl;inc;xsd</Extensions>
    </Filter>
    <Filter Include="Resource files">
      <UniqueIdentifier>{cdc2f863-0c5c-4672-8708-64ad39170bbf}</UniqueIdentifier>
      <Extensions>rc;ico;cur;bmp;dlg;rc2;rct;bin;rgs;gif;jpg;jpeg;jpe;resx;tiff;tif;png;wav</Extensions>
    </Filter>
    <Filter Include="Make files">
      <UniqueIdentifier>{e3219a43-2d92-4e76-8e1d-af70101cfcad}</UniqueIdentifier>
      <Extensions>*.mak</Extensions>
    </Filter>
    <Filter Include="Source files\Device-specific files">
      <UniqueIdentifier>{cdcd2196-46b9-46d0-9902-c2ee039cbc85}</UniqueIdentifier>
    </Filter>
    <Filter Include="Header files\Device-specific files">
      <UniqueIdentifier>{7960bffb-a53a-4676-97cc-dd4acf2f835a}</UniqueIdentifier>
    </Filter>
    <Filter Include="Source files\Device-specific files\STM32F4xx">
      <UniqueIdentifier>{60e01753-0401-4473-bc1e-c6d90c930ff6}</UniqueIdentifier>
    </Filter>
    <Filter Include="Header files\Device-specific files\STM32F4xx">
      <UniqueIdentifier>{911fbc92-888d-419a-8219-f50625336a3e}</UniqueIdentifier>
    </Filter>
  </ItemGroup>
  <ItemGroup>
    <ClCompile Include="STM32F4xx\Src\stm32f4xx_hal.c">
      <Filter>Source files\Device-specific files\STM32F4xx</Filter>
    </ClCompile>
    <ClCompile Include="STM32F4xx\Src\stm32f4xx_hal_adc.c">
      <Filter>Source files\Device-specific files\STM32F4xx</Filter>
    </ClCompile>
    <ClCompile Include="STM32F4xx\Src\stm32f4xx_hal_adc_ex.c">
      <Filter>Source files\Device-specific files\STM32F4xx</Filter>
    </ClCompile>
    <ClCompile Include="STM32F4xx\Src\stm32f4xx_hal_can.c">
      <Filter>Source files\Device-specific files\STM32F4xx</Filter>
    </ClCompile>
    <ClCompile Include="STM32F4xx\Src\stm32f4xx_hal_cec.c">
      <Filter>Source files\Device-specific files\STM32F4xx</Filter>
    </ClCompile>
    <ClCompile Include="STM32F4xx\Src\stm32f4xx_hal_cortex.c">
      <Filter>Source files\Device-specific files\STM32F4xx</Filter>
    </ClCompile>
    <ClCompile Include="STM32F4xx\Src\stm32f4xx_hal_crc.c">
      <Filter>Source files\Device-specific files\STM32F4xx</Filter>
    </ClCompile>
    <ClCompile Include="STM32F4xx\Src\stm32f4xx_hal_cryp.c">
      <Filter>Source files\Device-specific files\STM32F4xx</Filter>
    </ClCompile>
    <ClCompile Include="STM32F4xx\Src\stm32f4xx_hal_cryp_ex.c">
      <Filter>Source files\Device-specific files\STM32F4xx</Filter>
    </ClCompile>
    <ClCompile Include="STM32F4xx\Src\stm32f4xx_hal_dac.c">
      <Filter>Source files\Device-specific files\STM32F4xx</Filter>
    </ClCompile>
    <ClCompile Include="STM32F4xx\Src\stm32f4xx_hal_dac_ex.c">
      <Filter>Source files\Device-specific files\STM32F4xx</Filter>
    </ClCompile>
    <ClCompile Include="STM32F4xx\Src\stm32f4xx_hal_dcmi.c">
      <Filter>Source files\Device-specific files\STM32F4xx</Filter>
    </ClCompile>
    <ClCompile Include="STM32F4xx\Src\stm32f4xx_hal_dcmi_ex.c">
      <Filter>Source files\Device-specific files\STM32F4xx</Filter>
    </ClCompile>
    <ClCompile Include="STM32F4xx\Src\stm32f4xx_hal_dma.c">
      <Filter>Source files\Device-specific files\STM32F4xx</Filter>
    </ClCompile>
    <ClCompile Include="STM32F4xx\Src\stm32f4xx_hal_dma_ex.c">
      <Filter>Source files\Device-specific files\STM32F4xx</Filter>
    </ClCompile>
    <ClCompile Include="STM32F4xx\Src\stm32f4xx_hal_dma2d.c">
      <Filter>Source files\Device-specific files\STM32F4xx</Filter>
    </ClCompile>
    <ClCompile Include="STM32F4xx\Src\stm32f4xx_hal_dsi.c">
      <Filter>Source files\Device-specific files\STM32F4xx</Filter>
    </ClCompile>
    <ClCompile Include="STM32F4xx\Src\stm32f4xx_hal_eth.c">
      <Filter>Source files\Device-specific files\STM32F4xx</Filter>
    </ClCompile>
    <ClCompile Include="STM32F4xx\Src\stm32f4xx_hal_flash.c">
      <Filter>Source files\Device-specific files\STM32F4xx</Filter>
    </ClCompile>
    <ClCompile Include="STM32F4xx\Src\stm32f4xx_hal_flash_ex.c">
      <Filter>Source files\Device-specific files\STM32F4xx</Filter>
    </ClCompile>
    <ClCompile Include="STM32F4xx\Src\stm32f4xx_hal_flash_ramfunc.c">
      <Filter>Source files\Device-specific files\STM32F4xx</Filter>
    </ClCompile>
    <ClCompile Include="STM32F4xx\Src\stm32f4xx_hal_fmpi2c.c">
      <Filter>Source files\Device-specific files\STM32F4xx</Filter>
    </ClCompile>
    <ClCompile Include="STM32F4xx\Src\stm32f4xx_hal_fmpi2c_ex.c">
      <Filter>Source files\Device-specific files\STM32F4xx</Filter>
    </ClCompile>
    <ClCompile Include="STM32F4xx\Src\stm32f4xx_hal_gpio.c">
      <Filter>Source files\Device-specific files\STM32F4xx</Filter>
    </ClCompile>
    <ClCompile Include="STM32F4xx\Src\stm32f4xx_hal_hash.c">
      <Filter>Source files\Device-specific files\STM32F4xx</Filter>
    </ClCompile>
    <ClCompile Include="STM32F4xx\Src\stm32f4xx_hal_hash_ex.c">
      <Filter>Source files\Device-specific files\STM32F4xx</Filter>
    </ClCompile>
    <ClCompile Include="STM32F4xx\Src\stm32f4xx_hal_hcd.c">
      <Filter>Source files\Device-specific files\STM32F4xx</Filter>
    </ClCompile>
    <ClCompile Include="STM32F4xx\Src\stm32f4xx_hal_i2c.c">
      <Filter>Source files\Device-specific files\STM32F4xx</Filter>
    </ClCompile>
    <ClCompile Include="STM32F4xx\Src\stm32f4xx_hal_i2c_ex.c">
      <Filter>Source files\Device-specific files\STM32F4xx</Filter>
    </ClCompile>
    <ClCompile Include="STM32F4xx\Src\stm32f4xx_hal_i2s.c">
      <Filter>Source files\Device-specific files\STM32F4xx</Filter>
    </ClCompile>
    <ClCompile Include="STM32F4xx\Src\stm32f4xx_hal_i2s_ex.c">
      <Filter>Source files\Device-specific files\STM32F4xx</Filter>
    </ClCompile>
    <ClCompile Include="STM32F4xx\Src\stm32f4xx_hal_irda.c">
      <Filter>Source files\Device-specific files\STM32F4xx</Filter>
    </ClCompile>
    <ClCompile Include="STM32F4xx\Src\stm32f4xx_hal_iwdg.c">
      <Filter>Source files\Device-specific files\STM32F4xx</Filter>
    </ClCompile>
    <ClCompile Include="STM32F4xx\Src\stm32f4xx_hal_lptim.c">
      <Filter>Source files\Device-specific files\STM32F4xx</Filter>
    </ClCompile>
    <ClCompile Include="STM32F4xx\Src\stm32f4xx_hal_ltdc.c">
      <Filter>Source files\Device-specific files\STM32F4xx</Filter>
    </ClCompile>
    <ClCompile Include="STM32F4xx\Src\stm32f4xx_hal_ltdc_ex.c">
      <Filter>Source files\Device-specific files\STM32F4xx</Filter>
    </ClCompile>
    <ClCompile Include="STM32F4xx\Src\stm32f4xx_hal_msp_template.c">
      <Filter>Source files\Device-specific files\STM32F4xx</Filter>
    </ClCompile>
    <ClCompile Include="STM32F4xx\Src\stm32f4xx_hal_nand.c">
      <Filter>Source files\Device-specific files\STM32F4xx</Filter>
    </ClCompile>
    <ClCompile Include="STM32F4xx\Src\stm32f4xx_hal_nor.c">
      <Filter>Source files\Device-specific files\STM32F4xx</Filter>
    </ClCompile>
    <ClCompile Include="STM32F4xx\Src\stm32f4xx_hal_pccard.c">
      <Filter>Source files\Device-specific files\STM32F4xx</Filter>
    </ClCompile>
    <ClCompile Include="STM32F4xx\Src\stm32f4xx_hal_pcd.c">
      <Filter>Source files\Device-specific files\STM32F4xx</Filter>
    </ClCompile>
    <ClCompile Include="STM32F4xx\Src\stm32f4xx_hal_pcd_ex.c">
      <Filter>Source files\Device-specific files\STM32F4xx</Filter>
    </ClCompile>
    <ClCompile Include="STM32F4xx\Src\stm32f4xx_hal_pwr.c">
      <Filter>Source files\Device-specific files\STM32F4xx</Filter>
    </ClCompile>
    <ClCompile Include="STM32F4xx\Src\stm32f4xx_hal_pwr_ex.c">
      <Filter>Source files\Device-specific files\STM32F4xx</Filter>
    </ClCompile>
    <ClCompile Include="STM32F4xx\Src\stm32f4xx_hal_qspi.c">
      <Filter>Source files\Device-specific files\STM32F4xx</Filter>
    </ClCompile>
    <ClCompile Include="STM32F4xx\Src\stm32f4xx_hal_rcc.c">
      <Filter>Source files\Device-specific files\STM32F4xx</Filter>
    </ClCompile>
    <ClCompile Include="STM32F4xx\Src\stm32f4xx_hal_rcc_ex.c">
      <Filter>Source files\Device-specific files\STM32F4xx</Filter>
    </ClCompile>
    <ClCompile Include="STM32F4xx\Src\stm32f4xx_hal_rng.c">
      <Filter>Source files\Device-specific files\STM32F4xx</Filter>
    </ClCompile>
    <ClCompile Include="STM32F4xx\Src\stm32f4xx_hal_rtc.c">
      <Filter>Source files\Device-specific files\STM32F4xx</Filter>
    </ClCompile>
    <ClCompile Include="STM32F4xx\Src\stm32f4xx_hal_rtc_ex.c">
      <Filter>Source files\Device-specific files\STM32F4xx</Filter>
    </ClCompile>
    <ClCompile Include="STM32F4xx\Src\stm32f4xx_hal_sai.c">
      <Filter>Source files\Device-specific files\STM32F4xx</Filter>
    </ClCompile>
    <ClCompile Include="STM32F4xx\Src\stm32f4xx_hal_sai_ex.c">
      <Filter>Source files\Device-specific files\STM32F4xx</Filter>
    </ClCompile>
    <ClCompile Include="STM32F4xx\Src\stm32f4xx_hal_sd.c">
      <Filter>Source files\Device-specific files\STM32F4xx</Filter>
    </ClCompile>
    <ClCompile Include="STM32F4xx\Src\stm32f4xx_hal_sdram.c">
      <Filter>Source files\Device-specific files\STM32F4xx</Filter>
    </ClCompile>
    <ClCompile Include="STM32F4xx\Src\stm32f4xx_hal_smartcard.c">
      <Filter>Source files\Device-specific files\STM32F4xx</Filter>
    </ClCompile>
    <ClCompile Include="STM32F4xx\Src\stm32f4xx_hal_spdifrx.c">
      <Filter>Source files\Device-specific files\STM32F4xx</Filter>
    </ClCompile>
    <ClCompile Include="STM32F4xx\Src\stm32f4xx_hal_spi.c">
      <Filter>Source files\Device-specific files\STM32F4xx</Filter>
    </ClCompile>
    <ClCompile Include="STM32F4xx\Src\stm32f4xx_hal_sram.c">
      <Filter>Source files\Device-specific files\STM32F4xx</Filter>
    </ClCompile>
    <ClCompile Include="STM32F4xx\Src\stm32f4xx_hal_tim.c">
      <Filter>Source files\Device-specific files\STM32F4xx</Filter>
    </ClCompile>
    <ClCompile Include="STM32F4xx\Src\stm32f4xx_hal_tim_ex.c">
      <Filter>Source files\Device-specific files\STM32F4xx</Filter>
    </ClCompile>
    <ClCompile Include="STM32F4xx\Src\stm32f4xx_hal_uart.c">
      <Filter>Source files\Device-specific files\STM32F4xx</Filter>
    </ClCompile>
    <ClCompile Include="STM32F4xx\Src\stm32f4xx_hal_usart.c">
      <Filter>Source files\Device-specific files\STM32F4xx</Filter>
    </ClCompile>
    <ClCompile Include="STM32F4xx\Src\stm32f4xx_hal_wwdg.c">
      <Filter>Source files\Device-specific files\STM32F4xx</Filter>
    </ClCompile>
    <ClCompile Include="STM32F4xx\Src\stm32f4xx_ll_fmc.c">
      <Filter>Source files\Device-specific files\STM32F4xx</Filter>
    </ClCompile>
    <ClCompile Include="STM32F4xx\Src\stm32f4xx_ll_fsmc.c">
      <Filter>Source files\Device-specific files\STM32F4xx</Filter>
    </ClCompile>
    <ClCompile Include="STM32F4xx\Src\stm32f4xx_ll_sdmmc.c">
      <Filter>Source files\Device-specific files\STM32F4xx</Filter>
    </ClCompile>
    <ClCompile Include="STM32F4xx\Src\stm32f4xx_ll_usb.c">
      <Filter>Source files\Device-specific files\STM32F4xx</Filter>
    </ClCompile>
    <ClCompile Include="src\fan.c">
      <Filter>Source files</Filter>
    </ClCompile>
    <ClCompile Include="STM32F4xx\device\Src\system_stm32f4xx.c">
      <Filter>Source files</Filter>
    </ClCompile>
    <ClCompile Include="src\main.c">
      <Filter>Source files</Filter>
    </ClCompile>
  </ItemGroup>
  <ItemGroup>
    <ClInclude Include="STM32F4xx\Inc\stm32f4xx_hal.h">
      <Filter>Header files\Device-specific files\STM32F4xx</Filter>
    </ClInclude>
    <ClInclude Include="STM32F4xx\Inc\stm32f4xx_hal_adc.h">
      <Filter>Header files\Device-specific files\STM32F4xx</Filter>
    </ClInclude>
    <ClInclude Include="STM32F4xx\Inc\stm32f4xx_hal_adc_ex.h">
      <Filter>Header files\Device-specific files\STM32F4xx</Filter>
    </ClInclude>
    <ClInclude Include="STM32F4xx\Inc\stm32f4xx_hal_can.h">
      <Filter>Header files\Device-specific files\STM32F4xx</Filter>
    </ClInclude>
    <ClInclude Include="STM32F4xx\Inc\stm32f4xx_hal_cec.h">
      <Filter>Header files\Device-specific files\STM32F4xx</Filter>
    </ClInclude>
    <ClInclude Include="STM32F4xx\Inc\stm32f4xx_hal_conf_template.h">
      <Filter>Header files\Device-specific files\STM32F4xx</Filter>
    </ClInclude>
    <ClInclude Include="STM32F4xx\Inc\stm32f4xx_hal_cortex.h">
      <Filter>Header files\Device-specific files\STM32F4xx</Filter>
    </ClInclude>
    <ClInclude Include="STM32F4xx\Inc\stm32f4xx_hal_crc.h">
      <Filter>Header files\Device-specific files\STM32F4xx</Filter>
    </ClInclude>
    <ClInclude Include="STM32F4xx\Inc\stm32f4xx_hal_cryp.h">
      <Filter>Header files\Device-specific files\STM32F4xx</Filter>
    </ClInclude>
    <ClInclude Include="STM32F4xx\Inc\stm32f4xx_hal_cryp_ex.h">
      <Filter>Header files\Device-specific files\STM32F4xx</Filter>
    </ClInclude>
    <ClInclude Include="STM32F4xx\Inc\stm32f4xx_hal_dac.h">
      <Filter>Header files\Device-specific files\STM32F4xx</Filter>
    </ClInclude>
    <ClInclude Include="STM32F4xx\Inc\stm32f4xx_hal_dac_ex.h">
      <Filter>Header files\Device-specific files\STM32F4xx</Filter>
    </ClInclude>
    <ClInclude Include="STM32F4xx\Inc\stm32f4xx_hal_dcmi.h">
      <Filter>Header files\Device-specific files\STM32F4xx</Filter>
    </ClInclude>
    <ClInclude Include="STM32F4xx\Inc\stm32f4xx_hal_dcmi_ex.h">
      <Filter>Header files\Device-specific files\STM32F4xx</Filter>
    </ClInclude>
    <ClInclude Include="STM32F4xx\Inc\stm32f4xx_hal_def.h">
      <Filter>Header files\Device-specific files\STM32F4xx</Filter>
    </ClInclude>
    <ClInclude Include="STM32F4xx\Inc\stm32f4xx_hal_dma.h">
      <Filter>Header files\Device-specific files\STM32F4xx</Filter>
    </ClInclude>
    <ClInclude Include="STM32F4xx\Inc\stm32f4xx_hal_dma_ex.h">
      <Filter>Header files\Device-specific files\STM32F4xx</Filter>
    </ClInclude>
    <ClInclude Include="STM32F4xx\Inc\stm32f4xx_hal_dma2d.h">
      <Filter>Header files\Device-specific files\STM32F4xx</Filter>
    </ClInclude>
    <ClInclude Include="STM32F4xx\Inc\stm32f4xx_hal_dsi.h">
      <Filter>Header files\Device-specific files\STM32F4xx</Filter>
    </ClInclude>
    <ClInclude Include="STM32F4xx\Inc\stm32f4xx_hal_eth.h">
      <Filter>Header files\Device-specific files\STM32F4xx</Filter>
    </ClInclude>
    <ClInclude Include="STM32F4xx\Inc\stm32f4xx_hal_flash.h">
      <Filter>Header files\Device-specific files\STM32F4xx</Filter>
    </ClInclude>
    <ClInclude Include="STM32F4xx\Inc\stm32f4xx_hal_flash_ex.h">
      <Filter>Header files\Device-specific files\STM32F4xx</Filter>
    </ClInclude>
    <ClInclude Include="STM32F4xx\Inc\stm32f4xx_hal_flash_ramfunc.h">
      <Filter>Header files\Device-specific files\STM32F4xx</Filter>
    </ClInclude>
    <ClInclude Include="STM32F4xx\Inc\stm32f4xx_hal_fmpi2c.h">
      <Filter>Header files\Device-specific files\STM32F4xx</Filter>
    </ClInclude>
    <ClInclude Include="STM32F4xx\Inc\stm32f4xx_hal_fmpi2c_ex.h">
      <Filter>Header files\Device-specific files\STM32F4xx</Filter>
    </ClInclude>
    <ClInclude Include="STM32F4xx\Inc\stm32f4xx_hal_gpio.h">
      <Filter>Header files\Device-specific files\STM32F4xx</Filter>
    </ClInclude>
    <ClInclude Include="STM32F4xx\Inc\stm32f4xx_hal_gpio_ex.h">
      <Filter>Header files\Device-specific files\STM32F4xx</Filter>
    </ClInclude>
    <ClInclude Include="STM32F4xx\Inc\stm32f4xx_hal_hash.h">
      <Filter>Header files\Device-specific files\STM32F4xx</Filter>
    </ClInclude>
    <ClInclude Include="STM32F4xx\Inc\stm32f4xx_hal_hash_ex.h">
      <Filter>Header files\Device-specific files\STM32F4xx</Filter>
    </ClInclude>
    <ClInclude Include="STM32F4xx\Inc\stm32f4xx_hal_hcd.h">
      <Filter>Header files\Device-specific files\STM32F4xx</Filter>
    </ClInclude>
    <ClInclude Include="STM32F4xx\Inc\stm32f4xx_hal_i2c.h">
      <Filter>Header files\Device-specific files\STM32F4xx</Filter>
    </ClInclude>
    <ClInclude Include="STM32F4xx\Inc\stm32f4xx_hal_i2c_ex.h">
      <Filter>Header files\Device-specific files\STM32F4xx</Filter>
    </ClInclude>
    <ClInclude Include="STM32F4xx\Inc\stm32f4xx_hal_i2s.h">
      <Filter>Header files\Device-specific files\STM32F4xx</Filter>
    </ClInclude>
    <ClInclude Include="STM32F4xx\Inc\stm32f4xx_hal_i2s_ex.h">
      <Filter>Header files\Device-specific files\STM32F4xx</Filter>
    </ClInclude>
    <ClInclude Include="STM32F4xx\Inc\stm32f4xx_hal_irda.h">
      <Filter>Header files\Device-specific files\STM32F4xx</Filter>
    </ClInclude>
    <ClInclude Include="STM32F4xx\Inc\stm32f4xx_hal_iwdg.h">
      <Filter>Header files\Device-specific files\STM32F4xx</Filter>
    </ClInclude>
    <ClInclude Include="STM32F4xx\Inc\stm32f4xx_hal_lptim.h">
      <Filter>Header files\Device-specific files\STM32F4xx</Filter>
    </ClInclude>
    <ClInclude Include="STM32F4xx\Inc\stm32f4xx_hal_ltdc.h">
      <Filter>Header files\Device-specific files\STM32F4xx</Filter>
    </ClInclude>
    <ClInclude Include="STM32F4xx\Inc\stm32f4xx_hal_ltdc_ex.h">
      <Filter>Header files\Device-specific files\STM32F4xx</Filter>
    </ClInclude>
    <ClInclude Include="STM32F4xx\Inc\stm32f4xx_hal_nand.h">
      <Filter>Header files\Device-specific files\STM32F4xx</Filter>
    </ClInclude>
    <ClInclude Include="STM32F4xx\Inc\stm32f4xx_hal_nor.h">
      <Filter>Header files\Device-specific files\STM32F4xx</Filter>
    </ClInclude>
    <ClInclude Include="STM32F4xx\Inc\stm32f4xx_hal_pccard.h">
      <Filter>Header files\Device-specific files\STM32F4xx</Filter>
    </ClInclude>
    <ClInclude Include="STM32F4xx\Inc\stm32f4xx_hal_pcd.h">
      <Filter>Header files\Device-specific files\STM32F4xx</Filter>
    </ClInclude>
    <ClInclude Include="STM32F4xx\Inc\stm32f4xx_hal_pcd_ex.h">
      <Filter>Header files\Device-specific files\STM32F4xx</Filter>
    </ClInclude>
    <ClInclude Include="STM32F4xx\Inc\stm32f4xx_hal_pwr.h">
      <Filter>Header files\Device-specific files\STM32F4xx</Filter>
    </ClInclude>
    <ClInclude Include="STM32F4xx\Inc\stm32f4xx_hal_pwr_ex.h">
      <Filter>Header files\Device-specific files\STM32F4xx</Filter>
    </ClInclude>
    <ClInclude Include="STM32F4xx\Inc\stm32f4xx_hal_qspi.h">
      <Filter>Header files\Device-specific files\STM32F4xx</Filter>
    </ClInclude>
    <ClInclude Include="STM32F4xx\Inc\stm32f4xx_hal_rcc.h">
      <Filter>Header files\Device-specific files\STM32F4xx</Filter>
    </ClInclude>
    <ClInclude Include="STM32F4xx\Inc\stm32f4xx_hal_rcc_ex.h">
      <Filter>Header files\Device-specific files\STM32F4xx</Filter>
    </ClInclude>
    <ClInclude Include="STM32F4xx\Inc\stm32f4xx_hal_rng.h">
      <Filter>Header files\Device-specific files\STM32F4xx</Filter>
    </ClInclude>
    <ClInclude Include="STM32F4xx\Inc\stm32f4xx_hal_rtc.h">
      <Filter>Header files\Device-specific files\STM32F4xx</Filter>
    </ClInclude>
    <ClInclude Include="STM32F4xx\Inc\stm32f4xx_hal_rtc_ex.h">
      <Filter>Header files\Device-specific files\STM32F4xx</Filter>
    </ClInclude>
    <ClInclude Include="STM32F4xx\Inc\stm32f4xx_hal_sai.h">
      <Filter>Header files\Device-specific files\STM32F4xx</Filter>
    </ClInclude>
    <ClInclude Include="STM32F4xx\Inc\stm32f4xx_hal_sai_ex.h">
      <Filter>Header files\Device-specific files\STM32F4xx</Filter>
    </ClInclude>
    <ClInclude Include="STM32F4xx\Inc\stm32f4xx_hal_sd.h">
      <Filter>Header files\Device-specific files\STM32F4xx</Filter>
    </ClInclude>
    <ClInclude Include="STM32F4xx\Inc\stm32f4xx_hal_sdram.h">
      <Filter>Header files\Device-specific files\STM32F4xx</Filter>
    </ClInclude>
    <ClInclude Include="STM32F4xx\Inc\stm32f4xx_hal_smartcard.h">
      <Filter>Header files\Device-specific files\STM32F4xx</Filter>
    </ClInclude>
    <ClInclude Include="STM32F4xx\Inc\stm32f4xx_hal_spdifrx.h">
      <Filter>Header files\Device-specific files\STM32F4xx</Filter>
    </ClInclude>
    <ClInclude Include="STM32F4xx\Inc\stm32f4xx_hal_spi.h">
      <Filter>Header files\Device-specific files\STM32F4xx</Filter>
    </ClInclude>
    <ClInclude Include="STM32F4xx\Inc\stm32f4xx_hal_sram.h">
      <Filter>Header files\Device-specific files\STM32F4xx</Filter>
    </ClInclude>
    <ClInclude Include="STM32F4xx\Inc\stm32f4xx_hal_tim.h">
      <Filter>Header files\Device-specific files\STM32F4xx</Filter>
    </ClInclude>
    <ClInclude Include="STM32F4xx\Inc\stm32f4xx_hal_tim_ex.h">
      <Filter>Header files\Device-specific files\STM32F4xx</Filter>
    </ClInclude>
    <ClInclude Include="STM32F4xx\Inc\stm32f4xx_hal_uart.h">
      <Filter>Header files\Device-specific files\STM32F4xx</Filter>
    </ClInclude>
    <ClInclude Include="STM32F4xx\Inc\stm32f4xx_hal_usart.h">
      <Filter>Header files\Device-specific files\STM32F4xx</Filter>
    </ClInclude>
    <ClInclude Include="STM32F4xx\Inc\stm32f4xx_hal_wwdg.h">
      <Filter>Header files\Device-specific files\STM32F4xx</Filter>
    </ClInclude>
    <ClInclude Include="STM32F4xx\Inc\stm32f4xx_ll_fmc.h">
      <Filter>Header files\Device-specific files\STM32F4xx</Filter>
    </ClInclude>
    <ClInclude Include="STM32F4xx\Inc\stm32f4xx_ll_fsmc.h">
      <Filter>Header files\Device-specific files\STM32F4xx</Filter>
    </ClInclude>
    <ClInclude Include="STM32F4xx\Inc\stm32f4xx_ll_sdmmc.h">
      <Filter>Header files\Device-specific files\STM32F4xx</Filter>
    </ClInclude>
    <ClInclude Include="STM32F4xx\Inc\stm32f4xx_ll_usb.h">
      <Filter>Header files\Device-specific files\STM32F4xx</Filter>
    </ClInclude>
    <ClInclude Include="src\fan.h">
      <Filter>Header files</Filter>
    </ClInclude>
    <ClInclude Include="src\stm32f4xx_hal_conf.h">
      <Filter>Header files</Filter>
    </ClInclude>
  </ItemGroup>
  <ItemGroup>
    <None Include="Makefile" />
    <None Include="debug.mak">
      <Filter>Make files</Filter>
    </None>
    <None Include="release.mak">
      <Filter>Make files</Filter>
    </None>
    <None Include="stm32.mak">
      <Filter>Source files\Device-specific files</Filter>
    </None>
    <None Include="STM32F4xx\device\Src\gcc\startup_stm32f407xx.s">
      <Filter>Source files\Device-specific files</Filter>
    </None>
  </ItemGroup>
</Project>